{
  "version": 4,
  "terraform_version": "0.12.18",
  "serial": 60,
  "lineage": "2e2ddced-c26d-fdc3-5050-81410be214eb",
  "outputs": {},
  "resources": [
    {
      "mode": "managed",
      "type": "google_compute_firewall",
      "name": "bastion-ssh",
      "provider": "provider.google",
      "instances": [
        {
          "schema_version": 1,
          "attributes": {
            "allow": [
              {
                "ports": [
                  "22"
                ],
                "protocol": "tcp"
              }
            ],
            "creation_timestamp": "2023-02-06T13:07:10.413-08:00",
            "deny": [],
            "description": "",
            "destination_ranges": [],
            "direction": "INGRESS",
            "disabled": false,
            "enable_logging": null,
            "id": "projects/osama-375715/global/firewalls/osama-ssh-firewall",
            "log_config": [],
            "name": "osama-ssh-firewall",
            "network": "https://www.googleapis.com/compute/v1/projects/osama-375715/global/networks/osama-vpc",
            "priority": 1000,
            "project": "osama-375715",
            "self_link": "https://www.googleapis.com/compute/v1/projects/osama-375715/global/firewalls/osama-ssh-firewall",
            "source_ranges": [
              "0.0.0.0/0"
            ],
            "source_service_accounts": [],
            "source_tags": [],
            "target_service_accounts": [],
            "target_tags": [
              "bastion"
            ],
            "timeouts": null
          },
          "private": "eyJlMmJmYjczMC1lY2FhLTExZTYtOGY4OC0zNDM2M2JjN2M0YzAiOnsiY3JlYXRlIjoyNDAwMDAwMDAwMDAsImRlbGV0ZSI6MjQwMDAwMDAwMDAwLCJ1cGRhdGUiOjI0MDAwMDAwMDAwMH0sInNjaGVtYV92ZXJzaW9uIjoiMSJ9",
          "dependencies": [
            "google_compute_network.vpc_network"
          ]
        }
      ]
    },
    {
      "mode": "managed",
      "type": "google_compute_network",
      "name": "vpc_network",
      "provider": "provider.google",
      "instances": [
        {
          "schema_version": 0,
          "attributes": {
            "auto_create_subnetworks": false,
            "delete_default_routes_on_create": false,
            "description": "",
            "gateway_ipv4": "",
            "id": "projects/osama-375715/global/networks/osama-vpc",
            "mtu": 0,
            "name": "osama-vpc",
            "project": "osama-375715",
            "routing_mode": "REGIONAL",
            "self_link": "https://www.googleapis.com/compute/v1/projects/osama-375715/global/networks/osama-vpc",
            "timeouts": null
          },
          "private": "eyJlMmJmYjczMC1lY2FhLTExZTYtOGY4OC0zNDM2M2JjN2M0YzAiOnsiY3JlYXRlIjoyNDAwMDAwMDAwMDAsImRlbGV0ZSI6MjQwMDAwMDAwMDAwLCJ1cGRhdGUiOjI0MDAwMDAwMDAwMH19"
        }
      ]
    },
    {
      "mode": "managed",
      "type": "google_compute_router",
      "name": "router",
      "provider": "provider.google",
      "instances": [
        {
          "schema_version": 0,
          "attributes": {
            "bgp": [],
            "creation_timestamp": "2023-02-03T14:26:42.995-08:00",
            "description": "",
            "id": "projects/osama-375715/regions/us-central1/routers/osama-router",
            "name": "osama-router",
            "network": "https://www.googleapis.com/compute/v1/projects/osama-375715/global/networks/osama-vpc",
            "project": "osama-375715",
            "region": "us-central1",
            "self_link": "https://www.googleapis.com/compute/v1/projects/osama-375715/regions/us-central1/routers/osama-router",
            "timeouts": null
          },
          "private": "eyJlMmJmYjczMC1lY2FhLTExZTYtOGY4OC0zNDM2M2JjN2M0YzAiOnsiY3JlYXRlIjoyNDAwMDAwMDAwMDAsImRlbGV0ZSI6MjQwMDAwMDAwMDAwLCJ1cGRhdGUiOjI0MDAwMDAwMDAwMH19",
          "dependencies": [
            "google_compute_network.vpc_network",
            "google_compute_subnetwork.Management-Subnet"
          ]
        }
      ]
    },
    {
      "mode": "managed",
      "type": "google_compute_router_nat",
      "name": "nat",
      "provider": "provider.google",
      "instances": [
        {
          "schema_version": 0,
          "attributes": {
            "drain_nat_ips": [],
            "enable_endpoint_independent_mapping": true,
            "icmp_idle_timeout_sec": 30,
            "id": "osama-375715/us-central1/osama-router/osama-nat",
            "log_config": [],
            "min_ports_per_vm": 0,
            "name": "osama-nat",
            "nat_ip_allocate_option": "AUTO_ONLY",
            "nat_ips": [],
            "project": "osama-375715",
            "region": "us-central1",
            "router": "osama-router",
            "source_subnetwork_ip_ranges_to_nat": "LIST_OF_SUBNETWORKS",
            "subnetwork": [
              {
                "name": "https://www.googleapis.com/compute/v1/projects/osama-375715/regions/us-central1/subnetworks/management-subnet",
                "secondary_ip_range_names": [],
                "source_ip_ranges_to_nat": [
                  "ALL_IP_RANGES"
                ]
              }
            ],
            "tcp_established_idle_timeout_sec": 1200,
            "tcp_transitory_idle_timeout_sec": 30,
            "timeouts": null,
            "udp_idle_timeout_sec": 30
          },
          "private": "eyJlMmJmYjczMC1lY2FhLTExZTYtOGY4OC0zNDM2M2JjN2M0YzAiOnsiY3JlYXRlIjo2MDAwMDAwMDAwMDAsImRlbGV0ZSI6NjAwMDAwMDAwMDAwLCJ1cGRhdGUiOjYwMDAwMDAwMDAwMH19",
          "dependencies": [
            "google_compute_router.router",
            "google_compute_subnetwork.Management-Subnet"
          ]
        }
      ]
    },
    {
      "mode": "managed",
      "type": "google_compute_subnetwork",
      "name": "Management-Subnet",
      "provider": "provider.google",
      "instances": [
        {
          "schema_version": 0,
          "attributes": {
            "creation_timestamp": "2023-02-03T14:11:22.495-08:00",
            "description": "",
            "fingerprint": null,
            "gateway_address": "10.0.0.1",
            "id": "projects/osama-375715/regions/us-central1/subnetworks/management-subnet",
            "ip_cidr_range": "10.0.0.0/16",
            "log_config": [],
            "name": "management-subnet",
            "network": "https://www.googleapis.com/compute/v1/projects/osama-375715/global/networks/osama-vpc",
            "private_ip_google_access": false,
            "private_ipv6_google_access": "DISABLE_GOOGLE_ACCESS",
            "project": "osama-375715",
            "region": "us-central1",
            "secondary_ip_range": [],
            "self_link": "https://www.googleapis.com/compute/v1/projects/osama-375715/regions/us-central1/subnetworks/management-subnet",
            "timeouts": null
          },
          "private": "eyJlMmJmYjczMC1lY2FhLTExZTYtOGY4OC0zNDM2M2JjN2M0YzAiOnsiY3JlYXRlIjozNjAwMDAwMDAwMDAsImRlbGV0ZSI6MzYwMDAwMDAwMDAwLCJ1cGRhdGUiOjM2MDAwMDAwMDAwMH19",
          "dependencies": [
            "google_compute_network.vpc_network"
          ]
        }
      ]
    },
    {
      "mode": "managed",
      "type": "google_compute_subnetwork",
      "name": "Restricted-Subnet",
      "provider": "provider.google",
      "instances": [
        {
          "schema_version": 0,
          "attributes": {
            "creation_timestamp": "2023-02-03T14:14:10.614-08:00",
            "description": "",
            "fingerprint": null,
            "gateway_address": "10.1.0.1",
            "id": "projects/osama-375715/regions/us-central1/subnetworks/restricted-subnet",
            "ip_cidr_range": "10.1.0.0/16",
            "log_config": [],
            "name": "restricted-subnet",
            "network": "https://www.googleapis.com/compute/v1/projects/osama-375715/global/networks/osama-vpc",
            "private_ip_google_access": false,
            "private_ipv6_google_access": "DISABLE_GOOGLE_ACCESS",
            "project": "osama-375715",
            "region": "us-central1",
            "secondary_ip_range": [
              {
                "ip_cidr_range": "10.204.0.0/14",
                "range_name": "gke-osos-cluster-pods-a27a0339"
              },
              {
                "ip_cidr_range": "10.208.0.0/20",
                "range_name": "gke-osos-cluster-services-a27a0339"
              }
            ],
            "self_link": "https://www.googleapis.com/compute/v1/projects/osama-375715/regions/us-central1/subnetworks/restricted-subnet",
            "timeouts": null
          },
          "private": "eyJlMmJmYjczMC1lY2FhLTExZTYtOGY4OC0zNDM2M2JjN2M0YzAiOnsiY3JlYXRlIjozNjAwMDAwMDAwMDAsImRlbGV0ZSI6MzYwMDAwMDAwMDAwLCJ1cGRhdGUiOjM2MDAwMDAwMDAwMH19",
          "dependencies": [
            "google_compute_network.vpc_network"
          ]
        }
      ]
    },
    {
      "mode": "managed",
      "type": "google_container_cluster",
      "name": "MYGKE",
      "provider": "provider.google",
      "instances": [
        {
          "schema_version": 1,
          "attributes": {
            "addons_config": [
              {
                "cloudrun_config": [],
                "horizontal_pod_autoscaling": [],
                "http_load_balancing": [
                  {
                    "disabled": true
                  }
                ],
                "network_policy_config": [
                  {
                    "disabled": true
                  }
                ]
              }
            ],
            "authenticator_groups_config": [],
            "cluster_autoscaling": [
              {
                "auto_provisioning_defaults": [],
                "enabled": false,
                "resource_limits": []
              }
            ],
            "cluster_ipv4_cidr": "10.204.0.0/14",
            "database_encryption": [
              {
                "key_name": "",
                "state": "DECRYPTED"
              }
            ],
            "datapath_provider": "",
            "default_max_pods_per_node": 110,
            "default_snat_status": [
              {
                "disabled": false
              }
            ],
            "description": "",
            "enable_autopilot": false,
            "enable_binary_authorization": false,
            "enable_intranode_visibility": false,
            "enable_kubernetes_alpha": false,
            "enable_legacy_abac": false,
            "enable_shielded_nodes": true,
            "enable_tpu": false,
            "endpoint": "192.168.1.2",
            "id": "projects/osama-375715/locations/us-central1-c/clusters/osos-cluster",
            "initial_node_count": 1,
            "instance_group_urls": [
              "https://www.googleapis.com/compute/v1/projects/osama-375715/zones/us-central1-c/instanceGroups/gke-osos-cluster-default-pool-c8273614-grp",
              "https://www.googleapis.com/compute/v1/projects/osama-375715/zones/us-central1-c/instanceGroups/gke-osos-cluster-gke-node-pool-15719e05-grp"
            ],
            "ip_allocation_policy": [
              {
                "cluster_ipv4_cidr_block": "10.204.0.0/14",
                "cluster_secondary_range_name": "gke-osos-cluster-pods-a27a0339",
                "services_ipv4_cidr_block": "10.208.0.0/20",
                "services_secondary_range_name": "gke-osos-cluster-services-a27a0339"
              }
            ],
            "label_fingerprint": "a9dc16a7",
            "location": "us-central1-c",
            "logging_service": "logging.googleapis.com/kubernetes",
            "maintenance_policy": [],
            "master_auth": [
              {
                "client_certificate": "",
                "client_certificate_config": [
                  {
                    "issue_client_certificate": false
                  }
                ],
                "client_key": "",
                "cluster_ca_certificate": "LS0tLS1CRUdJTiBDRVJUSUZJQ0FURS0tLS0tCk1JSUVMVENDQXBXZ0F3SUJBZ0lSQU82YkpKZ1g1M0xoazlKd2ZwR3hzOVl3RFFZSktvWklodmNOQVFFTEJRQXcKTHpFdE1Dc0dBMVVFQXhNa1ltWXdNRGRrWkRBdFpXRmtaaTAwTURVNUxXSmlNV1V0Tm1GalltRTVaVE0xWkdRMQpNQ0FYRFRJek1ESXdOakU1TWpnMU5Gb1lEekl3TlRNd01USTVNakF5T0RVMFdqQXZNUzB3S3dZRFZRUURFeVJpClpqQXdOMlJrTUMxbFlXUm1MVFF3TlRrdFltSXhaUzAyWVdOaVlUbGxNelZrWkRVd2dnR2lNQTBHQ1NxR1NJYjMKRFFFQkFRVUFBNElCandBd2dnR0tBb0lCZ1FEUkxJS2xJSE1xQStlVEJJdjdvakhYaEt1YlhJMllCaCtTNExWYQpBQ29paUprMXpwUFY3QzlLanptN1ZqWU1aWnk4TjJ6UVUySnVZdHJOcXlCT1YvZE1MRHVkRlFtaDRkZG9xdkZUCnRaOHNkRDZDaDZ1VjYySUJDRWwra1RtMFBtZG1hNndxaGhlUnE1YmJISlVicU9meEhvemdLdmVMOHhPSE9YZUUKK1NCLzhyUm16aXN5cGpIWXRROWl5NnFRVjMvQUF6NzdDdndsRUdMdVc4eWFNRU9wdDJmK3pZR0x0YWdTb3ZVZApxSi9rZXpsaGg5Sk5FbDBZVzVTbEdYeU1GeW5KamtSUG1NOGRFVzJQaGplU0g5UWhsSFpWYVR2TjhkOGw2SW1xCjV0R2RpQ3JvUllXQjNsV2FTUmNwc3RleXBwTkJWY1g0Tk9BbTM4ZUI5Q3hUUmNYRDFocmkra1hYQitkWXNiY00KVlNPT0NWa0QxNnVqVlZoZi9sY2ZoZzhOWXc0MXBHN0VlREw5ZWlhemNpT05zWVkxeUw3d1ZLVDdpMmg2NThRbwpyMVpXM1p2aUE1S1FBZjdpTHNoUUhUa3BWSHFhcmYvOEErdDBCNlR3UVl2YllBcnQrWTdoQnhoempuZjNYeVo3Ck04TFdGUGVhQkd2RHphVE1XTHBVaU9iSlhGa0NBd0VBQWFOQ01FQXdEZ1lEVlIwUEFRSC9CQVFEQWdJRU1BOEcKQTFVZEV3RUIvd1FGTUFNQkFmOHdIUVlEVlIwT0JCWUVGTmY2RmxhZyt3dVlwS3dJNW9Dam9SeXo2NXRqTUEwRwpDU3FHU0liM0RRRUJDd1VBQTRJQmdRQUdyeHk4eTdyYzZsM2V0ejFHbm1YZUliS1M0eDFBYUZPaVdGQkRyRllTClo4SkcxdVNOUy83cjBCeURXeGRGWit6bEZvYjlkSkRsVXBTM3JnbjhkRWI5bWJpT09rWDBQM3pmUnNwNk9vakEKMzV0SmdlM3BOdnVnOEVNcnNkaHZzMVdzWjNtMDdMek9Ka2ZWcTAvWG1qbVI4WW1GeExzOGxDekZtNUc3Q1BocQpyS3NkVWFPWTZUaHQzTGxEMU9KdmZVaksrb0EvTC9PbGlWa1gzaTFpNkVmSEkrWTF6U2tMRlN6QVRBVFh6ZjhRCkRsUVhTaGh2c0d3YjVrYzBLU0h0c21VU2t6RktoVDFGbXBja3ZOUFBsdWQ4dEgvb3V4V0xYcXMrc3ZnT2pFV3UKMmRiR2dWb2ZIUFkvUmFZWnJ4VEZkczR5NktWdEJFZDdiZ3Q4L2dpa04yQ2pYcW5LcmNDcndtVy9ROEwyazlTdwpQUndHKzN3NWhnWHplbjVCVDFhSEJLUHJTQkJEYUFYcmtFZDJRbUZ0dGVJTjJ6UFdYODF4NkZEQlZFaCtVNEZRCmpHMXBIR2NjK1I1aDhPUkhDMlpXSDVJVklTdmlBZGJLT29yVEt4a0w5UHg1SWJ5NDJ4Z3JLUmR3WXAyUDdLR1QKM25qWVZKbzJBV2YyeVV3Zlk1L3hFQ0k9Ci0tLS0tRU5EIENFUlRJRklDQVRFLS0tLS0K",
                "password": "",
                "username": ""
              }
            ],
            "master_authorized_networks_config": [
              {
                "cidr_blocks": [
                  {
                    "cidr_block": "10.0.0.0/16",
                    "display_name": ""
                  }
                ]
              }
            ],
            "master_version": "1.24.8-gke.2000",
            "min_master_version": null,
            "monitoring_service": "monitoring.googleapis.com/kubernetes",
            "name": "osos-cluster",
            "network": "projects/osama-375715/global/networks/osama-vpc",
            "network_policy": [
              {
                "enabled": false,
                "provider": "PROVIDER_UNSPECIFIED"
              }
            ],
            "networking_mode": "VPC_NATIVE",
            "node_config": [
              {
                "disk_size_gb": 100,
                "disk_type": "pd-balanced",
                "guest_accelerator": [],
                "image_type": "COS_CONTAINERD",
                "labels": {},
                "local_ssd_count": 0,
                "machine_type": "e2-medium",
                "metadata": {
                  "disable-legacy-endpoints": "true"
                },
                "min_cpu_platform": "",
                "oauth_scopes": [
                  "https://www.googleapis.com/auth/devstorage.read_only",
                  "https://www.googleapis.com/auth/logging.write",
                  "https://www.googleapis.com/auth/monitoring",
                  "https://www.googleapis.com/auth/service.management.readonly",
                  "https://www.googleapis.com/auth/servicecontrol",
                  "https://www.googleapis.com/auth/trace.append"
                ],
                "preemptible": false,
                "service_account": "default",
                "shielded_instance_config": [
                  {
                    "enable_integrity_monitoring": true,
                    "enable_secure_boot": false
                  }
                ],
                "tags": [],
                "taint": [],
                "workload_metadata_config": []
              }
            ],
            "node_locations": [],
            "node_pool": [
              {
                "autoscaling": [],
                "initial_node_count": 1,
                "instance_group_urls": [
                  "https://www.googleapis.com/compute/v1/projects/osama-375715/zones/us-central1-c/instanceGroupManagers/gke-osos-cluster-default-pool-c8273614-grp"
                ],
                "management": [
                  {
                    "auto_repair": true,
                    "auto_upgrade": true
                  }
                ],
                "max_pods_per_node": 110,
                "name": "default-pool",
                "name_prefix": "",
                "node_config": [
                  {
                    "disk_size_gb": 100,
                    "disk_type": "pd-balanced",
                    "guest_accelerator": [],
                    "image_type": "COS_CONTAINERD",
                    "labels": {},
                    "local_ssd_count": 0,
                    "machine_type": "e2-medium",
                    "metadata": {
                      "disable-legacy-endpoints": "true"
                    },
                    "min_cpu_platform": "",
                    "oauth_scopes": [
                      "https://www.googleapis.com/auth/devstorage.read_only",
                      "https://www.googleapis.com/auth/logging.write",
                      "https://www.googleapis.com/auth/monitoring",
                      "https://www.googleapis.com/auth/service.management.readonly",
                      "https://www.googleapis.com/auth/servicecontrol",
                      "https://www.googleapis.com/auth/trace.append"
                    ],
                    "preemptible": false,
                    "service_account": "default",
                    "shielded_instance_config": [
                      {
                        "enable_integrity_monitoring": true,
                        "enable_secure_boot": false
                      }
                    ],
                    "tags": [],
                    "taint": [],
                    "workload_metadata_config": []
                  }
                ],
                "node_count": 1,
                "node_locations": [
                  "us-central1-c"
                ],
                "upgrade_settings": [
                  {
                    "max_surge": 1,
                    "max_unavailable": 0
                  }
                ],
                "version": "1.24.8-gke.2000"
              },
              {
                "autoscaling": [],
                "initial_node_count": 1,
                "instance_group_urls": [
                  "https://www.googleapis.com/compute/v1/projects/osama-375715/zones/us-central1-c/instanceGroupManagers/gke-osos-cluster-gke-node-pool-15719e05-grp"
                ],
                "management": [
                  {
                    "auto_repair": true,
                    "auto_upgrade": true
                  }
                ],
                "max_pods_per_node": 110,
                "name": "gke-node-pool",
                "name_prefix": "",
                "node_config": [
                  {
                    "disk_size_gb": 100,
                    "disk_type": "pd-balanced",
                    "guest_accelerator": [],
                    "image_type": "COS_CONTAINERD",
                    "labels": {},
                    "local_ssd_count": 0,
                    "machine_type": "e2-small",
                    "metadata": {
                      "disable-legacy-endpoints": "true"
                    },
                    "min_cpu_platform": "",
                    "oauth_scopes": [
                      "https://www.googleapis.com/auth/cloud-platform"
                    ],
                    "preemptible": true,
                    "service_account": "node-acc@osama-375715.iam.gserviceaccount.com",
                    "shielded_instance_config": [
                      {
                        "enable_integrity_monitoring": true,
                        "enable_secure_boot": false
                      }
                    ],
                    "tags": [],
                    "taint": [],
                    "workload_metadata_config": []
                  }
                ],
                "node_count": 1,
                "node_locations": [
                  "us-central1-c"
                ],
                "upgrade_settings": [
                  {
                    "max_surge": 1,
                    "max_unavailable": 0
                  }
                ],
                "version": "1.24.8-gke.2000"
              }
            ],
            "node_version": "1.24.8-gke.2000",
            "operation": null,
            "pod_security_policy_config": [],
            "private_cluster_config": [
              {
                "enable_private_endpoint": true,
                "enable_private_nodes": true,
                "master_global_access_config": [
                  {
                    "enabled": false
                  }
                ],
                "master_ipv4_cidr_block": "192.168.1.0/28",
                "peering_name": "gke-nc3f40594922d93ac62b-6ed2-04e9-peer",
                "private_endpoint": "192.168.1.2",
                "public_endpoint": "35.184.205.109"
              }
            ],
            "private_ipv6_google_access": "",
            "project": "osama-375715",
            "release_channel": [
              {
                "channel": "REGULAR"
              }
            ],
            "remove_default_node_pool": null,
            "resource_labels": {},
            "resource_usage_export_config": [],
            "self_link": "https://container.googleapis.com/v1beta1/projects/osama-375715/zones/us-central1-c/clusters/osos-cluster",
            "services_ipv4_cidr": "10.208.0.0/20",
            "subnetwork": "projects/osama-375715/regions/us-central1/subnetworks/restricted-subnet",
            "timeouts": null,
            "tpu_ipv4_cidr_block": "",
            "vertical_pod_autoscaling": [],
            "workload_identity_config": []
          },
          "private": "eyJlMmJmYjczMC1lY2FhLTExZTYtOGY4OC0zNDM2M2JjN2M0YzAiOnsiY3JlYXRlIjoyNDAwMDAwMDAwMDAwLCJkZWxldGUiOjI0MDAwMDAwMDAwMDAsInJlYWQiOjI0MDAwMDAwMDAwMDAsInVwZGF0ZSI6MzYwMDAwMDAwMDAwMH0sInNjaGVtYV92ZXJzaW9uIjoiMSJ9",
          "dependencies": [
            "google_compute_network.vpc_network",
            "google_compute_subnetwork.Management-Subnet",
            "google_compute_subnetwork.Restricted-Subnet"
          ]
        }
      ]
    },
    {
      "mode": "managed",
      "type": "google_container_node_pool",
      "name": "gke_node_pool",
      "provider": "provider.google",
      "instances": [
        {
          "schema_version": 1,
          "attributes": {
            "autoscaling": [],
            "cluster": "osos-cluster",
            "id": "projects/osama-375715/locations/us-central1-c/clusters/osos-cluster/nodePools/gke-node-pool",
            "initial_node_count": 1,
            "instance_group_urls": [
              "https://www.googleapis.com/compute/v1/projects/osama-375715/zones/us-central1-c/instanceGroupManagers/gke-osos-cluster-gke-node-pool-15719e05-grp"
            ],
            "location": "us-central1-c",
            "management": [
              {
                "auto_repair": true,
                "auto_upgrade": true
              }
            ],
            "max_pods_per_node": 110,
            "name": "gke-node-pool",
            "name_prefix": "",
            "node_config": [
              {
                "disk_size_gb": 100,
                "disk_type": "pd-balanced",
                "guest_accelerator": [],
                "image_type": "COS_CONTAINERD",
                "labels": {},
                "local_ssd_count": 0,
                "machine_type": "e2-small",
                "metadata": {
                  "disable-legacy-endpoints": "true"
                },
                "min_cpu_platform": "",
                "oauth_scopes": [
                  "https://www.googleapis.com/auth/cloud-platform"
                ],
                "preemptible": true,
                "service_account": "node-acc@osama-375715.iam.gserviceaccount.com",
                "shielded_instance_config": [
                  {
                    "enable_integrity_monitoring": true,
                    "enable_secure_boot": false
                  }
                ],
                "tags": [],
                "taint": [],
                "workload_metadata_config": []
              }
            ],
            "node_count": 1,
            "node_locations": [
              "us-central1-c"
            ],
            "operation": null,
            "project": "osama-375715",
            "timeouts": null,
            "upgrade_settings": [
              {
                "max_surge": 1,
                "max_unavailable": 0
              }
            ],
            "version": "1.24.8-gke.2000"
          },
          "private": "eyJlMmJmYjczMC1lY2FhLTExZTYtOGY4OC0zNDM2M2JjN2M0YzAiOnsiY3JlYXRlIjoxODAwMDAwMDAwMDAwLCJkZWxldGUiOjE4MDAwMDAwMDAwMDAsInVwZGF0ZSI6MTgwMDAwMDAwMDAwMH0sInNjaGVtYV92ZXJzaW9uIjoiMSJ9",
          "dependencies": [
            "google_compute_network.vpc_network",
            "google_compute_subnetwork.Management-Subnet",
            "google_compute_subnetwork.Restricted-Subnet",
            "google_container_cluster.MYGKE",
            "google_service_account.node-acc"
          ]
        }
      ]
    },
    {
      "mode": "managed",
      "type": "google_project_iam_member",
      "name": "admin_binding",
      "provider": "provider.google",
      "instances": [
        {
          "schema_version": 0,
          "attributes": {
            "condition": [],
            "etag": "BwX0DtZ6dLM=",
            "id": "osama-375715/roles/container.admin/serviceAccount:gke-admin@osama-375715.iam.gserviceaccount.com",
            "member": "serviceAccount:gke-admin@osama-375715.iam.gserviceaccount.com",
            "project": "osama-375715",
            "role": "roles/container.admin"
          },
          "private": "bnVsbA==",
          "dependencies": [
            "google_service_account.gke-admin"
          ]
        }
      ]
    },
    {
      "mode": "managed",
      "type": "google_project_iam_member",
      "name": "node-binding",
      "provider": "provider.google",
      "instances": [
        {
          "schema_version": 0,
          "attributes": {
            "condition": [],
            "etag": "BwX0DKUfANU=",
            "id": "osama-375715/roles/storage.objectViewer/serviceAccount:node-acc@osama-375715.iam.gserviceaccount.com",
            "member": "serviceAccount:node-acc@osama-375715.iam.gserviceaccount.com",
            "project": "osama-375715",
            "role": "roles/storage.objectViewer"
          },
          "private": "bnVsbA==",
          "dependencies": [
            "google_service_account.node-acc"
          ]
        }
      ]
    },
    {
      "mode": "managed",
      "type": "google_service_account",
      "name": "gke-admin",
      "provider": "provider.google",
      "instances": [
        {
          "schema_version": 0,
          "attributes": {
            "account_id": "gke-admin",
            "description": "",
            "display_name": "k8s-admin",
            "email": "gke-admin@osama-375715.iam.gserviceaccount.com",
            "id": "projects/osama-375715/serviceAccounts/gke-admin@osama-375715.iam.gserviceaccount.com",
            "name": "projects/osama-375715/serviceAccounts/gke-admin@osama-375715.iam.gserviceaccount.com",
            "project": "osama-375715",
            "timeouts": null,
            "unique_id": "101061901048146251121"
          },
          "private": "eyJlMmJmYjczMC1lY2FhLTExZTYtOGY4OC0zNDM2M2JjN2M0YzAiOnsiY3JlYXRlIjozMDAwMDAwMDAwMDB9fQ=="
        }
      ]
    },
    {
      "mode": "managed",
      "type": "google_service_account",
      "name": "node-acc",
      "provider": "provider.google",
      "instances": [
        {
          "schema_version": 0,
          "attributes": {
            "account_id": "node-acc",
            "description": "",
            "display_name": "node-acc",
            "email": "node-acc@osama-375715.iam.gserviceaccount.com",
            "id": "projects/osama-375715/serviceAccounts/node-acc@osama-375715.iam.gserviceaccount.com",
            "name": "projects/osama-375715/serviceAccounts/node-acc@osama-375715.iam.gserviceaccount.com",
            "project": "osama-375715",
            "timeouts": null,
            "unique_id": "104726904699594460062"
          },
          "private": "eyJlMmJmYjczMC1lY2FhLTExZTYtOGY4OC0zNDM2M2JjN2M0YzAiOnsiY3JlYXRlIjozMDAwMDAwMDAwMDB9fQ=="
        }
      ]
    }
  ]
}
