{
  "version": 4,
  "terraform_version": "0.12.18",
  "serial": 98,
  "lineage": "2e2ddced-c26d-fdc3-5050-81410be214eb",
  "outputs": {},
  "resources": [
    {
      "mode": "managed",
      "type": "google_compute_firewall",
      "name": "bastion-ssh",
      "provider": "provider.google",
      "instances": [
        {
          "schema_version": 1,
          "attributes": {
            "allow": [
              {
                "ports": [
                  "22"
                ],
                "protocol": "tcp"
              }
            ],
            "creation_timestamp": "2023-02-07T11:30:11.878-08:00",
            "deny": [],
            "description": "",
            "destination_ranges": [],
            "direction": "INGRESS",
            "disabled": false,
            "enable_logging": null,
            "id": "projects/osama-375715/global/firewalls/osama-ssh-firewall",
            "log_config": [],
            "name": "osama-ssh-firewall",
            "network": "https://www.googleapis.com/compute/v1/projects/osama-375715/global/networks/osama-vpc",
            "priority": 1000,
            "project": "osama-375715",
            "self_link": "https://www.googleapis.com/compute/v1/projects/osama-375715/global/firewalls/osama-ssh-firewall",
            "source_ranges": [
              "0.0.0.0/0"
            ],
            "source_service_accounts": null,
            "source_tags": null,
            "target_service_accounts": null,
            "target_tags": [
              "bastion"
            ],
            "timeouts": null
          },
          "private": "eyJlMmJmYjczMC1lY2FhLTExZTYtOGY4OC0zNDM2M2JjN2M0YzAiOnsiY3JlYXRlIjoyNDAwMDAwMDAwMDAsImRlbGV0ZSI6MjQwMDAwMDAwMDAwLCJ1cGRhdGUiOjI0MDAwMDAwMDAwMH0sInNjaGVtYV92ZXJzaW9uIjoiMSJ9",
          "dependencies": [
            "google_compute_network.vpc_network"
          ]
        }
      ]
    },
    {
      "mode": "managed",
      "type": "google_compute_instance",
      "name": "private-vm",
      "provider": "provider.google",
      "instances": [
        {
          "schema_version": 6,
          "attributes": {
            "allow_stopping_for_update": null,
            "attached_disk": [],
            "boot_disk": [
              {
                "auto_delete": true,
                "device_name": "persistent-disk-0",
                "disk_encryption_key_raw": "",
                "disk_encryption_key_sha256": "",
                "initialize_params": [
                  {
                    "image": "https://www.googleapis.com/compute/v1/projects/debian-cloud/global/images/debian-11-bullseye-v20230206",
                    "labels": {
                      "my_label": "value"
                    },
                    "size": 10,
                    "type": "pd-standard"
                  }
                ],
                "kms_key_self_link": "",
                "mode": "READ_WRITE",
                "source": "https://www.googleapis.com/compute/v1/projects/osama-375715/zones/us-central1-a/disks/osama-vm"
              }
            ],
            "can_ip_forward": false,
            "confidential_instance_config": [],
            "cpu_platform": "Intel Broadwell",
            "current_status": "RUNNING",
            "deletion_protection": false,
            "description": "",
            "desired_status": null,
            "enable_display": false,
            "guest_accelerator": [],
            "hostname": "",
            "id": "projects/osama-375715/zones/us-central1-a/instances/osama-vm",
            "instance_id": "3933294558515763258",
            "label_fingerprint": "42WmSpB8rSM=",
            "labels": null,
            "machine_type": "e2-medium",
            "metadata": null,
            "metadata_fingerprint": "lK-GzyenkJU=",
            "metadata_startup_script": "",
            "min_cpu_platform": "",
            "name": "osama-vm",
            "network_interface": [
              {
                "access_config": [],
                "alias_ip_range": [],
                "name": "nic0",
                "network": "https://www.googleapis.com/compute/v1/projects/osama-375715/global/networks/osama-vpc",
                "network_ip": "10.0.0.2",
                "nic_type": "",
                "subnetwork": "https://www.googleapis.com/compute/v1/projects/osama-375715/regions/us-central1/subnetworks/management-subnet",
                "subnetwork_project": "osama-375715"
              }
            ],
            "project": "osama-375715",
            "resource_policies": null,
            "scheduling": [
              {
                "automatic_restart": true,
                "min_node_cpus": 0,
                "node_affinities": [],
                "on_host_maintenance": "MIGRATE",
                "preemptible": false
              }
            ],
            "scratch_disk": [],
            "self_link": "https://www.googleapis.com/compute/v1/projects/osama-375715/zones/us-central1-a/instances/osama-vm",
            "service_account": [
              {
                "email": "gke-admin@osama-375715.iam.gserviceaccount.com",
                "scopes": [
                  "https://www.googleapis.com/auth/cloud-platform"
                ]
              }
            ],
            "shielded_instance_config": [
              {
                "enable_integrity_monitoring": true,
                "enable_secure_boot": false,
                "enable_vtpm": true
              }
            ],
            "tags": [
              "bastion"
            ],
            "tags_fingerprint": "NfTTNVh6sLU=",
            "timeouts": null,
            "zone": "us-central1-a"
          },
          "private": "eyJlMmJmYjczMC1lY2FhLTExZTYtOGY4OC0zNDM2M2JjN2M0YzAiOnsiY3JlYXRlIjoxMjAwMDAwMDAwMDAwLCJkZWxldGUiOjEyMDAwMDAwMDAwMDAsInVwZGF0ZSI6MTIwMDAwMDAwMDAwMH0sInNjaGVtYV92ZXJzaW9uIjoiNiJ9",
          "dependencies": [
            "google_compute_network.vpc_network",
            "google_compute_subnetwork.Management-Subnet",
            "google_service_account.gke-admin"
          ]
        }
      ]
    },
    {
      "mode": "managed",
      "type": "google_compute_network",
      "name": "vpc_network",
      "provider": "provider.google",
      "instances": [
        {
          "schema_version": 0,
          "attributes": {
            "auto_create_subnetworks": false,
            "delete_default_routes_on_create": false,
            "description": "",
            "gateway_ipv4": "",
            "id": "projects/osama-375715/global/networks/osama-vpc",
            "mtu": 0,
            "name": "osama-vpc",
            "project": "osama-375715",
            "routing_mode": "REGIONAL",
            "self_link": "https://www.googleapis.com/compute/v1/projects/osama-375715/global/networks/osama-vpc",
            "timeouts": null
          },
          "private": "eyJlMmJmYjczMC1lY2FhLTExZTYtOGY4OC0zNDM2M2JjN2M0YzAiOnsiY3JlYXRlIjoyNDAwMDAwMDAwMDAsImRlbGV0ZSI6MjQwMDAwMDAwMDAwLCJ1cGRhdGUiOjI0MDAwMDAwMDAwMH19"
        }
      ]
    },
    {
      "mode": "managed",
      "type": "google_compute_router",
      "name": "router",
      "provider": "provider.google",
      "instances": [
        {
          "schema_version": 0,
          "attributes": {
            "bgp": [],
            "creation_timestamp": "2023-02-07T11:30:27.936-08:00",
            "description": "",
            "id": "projects/osama-375715/regions/us-central1/routers/osama-router",
            "name": "osama-router",
            "network": "https://www.googleapis.com/compute/v1/projects/osama-375715/global/networks/osama-vpc",
            "project": "osama-375715",
            "region": "us-central1",
            "self_link": "https://www.googleapis.com/compute/v1/projects/osama-375715/regions/us-central1/routers/osama-router",
            "timeouts": null
          },
          "private": "eyJlMmJmYjczMC1lY2FhLTExZTYtOGY4OC0zNDM2M2JjN2M0YzAiOnsiY3JlYXRlIjoyNDAwMDAwMDAwMDAsImRlbGV0ZSI6MjQwMDAwMDAwMDAwLCJ1cGRhdGUiOjI0MDAwMDAwMDAwMH19",
          "dependencies": [
            "google_compute_network.vpc_network",
            "google_compute_subnetwork.Management-Subnet"
          ]
        }
      ]
    },
    {
      "mode": "managed",
      "type": "google_compute_router_nat",
      "name": "nat",
      "provider": "provider.google",
      "instances": [
        {
          "schema_version": 0,
          "attributes": {
            "drain_nat_ips": null,
            "enable_endpoint_independent_mapping": true,
            "icmp_idle_timeout_sec": 30,
            "id": "osama-375715/us-central1/osama-router/osama-nat",
            "log_config": [],
            "min_ports_per_vm": 0,
            "name": "osama-nat",
            "nat_ip_allocate_option": "AUTO_ONLY",
            "nat_ips": null,
            "project": "osama-375715",
            "region": "us-central1",
            "router": "osama-router",
            "source_subnetwork_ip_ranges_to_nat": "LIST_OF_SUBNETWORKS",
            "subnetwork": [
              {
                "name": "projects/osama-375715/regions/us-central1/subnetworks/management-subnet",
                "secondary_ip_range_names": [],
                "source_ip_ranges_to_nat": [
                  "ALL_IP_RANGES"
                ]
              }
            ],
            "tcp_established_idle_timeout_sec": 1200,
            "tcp_transitory_idle_timeout_sec": 30,
            "timeouts": null,
            "udp_idle_timeout_sec": 30
          },
          "private": "eyJlMmJmYjczMC1lY2FhLTExZTYtOGY4OC0zNDM2M2JjN2M0YzAiOnsiY3JlYXRlIjo2MDAwMDAwMDAwMDAsImRlbGV0ZSI6NjAwMDAwMDAwMDAwLCJ1cGRhdGUiOjYwMDAwMDAwMDAwMH19",
          "dependencies": [
            "google_compute_network.vpc_network",
            "google_compute_router.router",
            "google_compute_subnetwork.Management-Subnet"
          ]
        }
      ]
    },
    {
      "mode": "managed",
      "type": "google_compute_subnetwork",
      "name": "Management-Subnet",
      "provider": "provider.google",
      "instances": [
        {
          "schema_version": 0,
          "attributes": {
            "creation_timestamp": "2023-02-07T11:30:13.008-08:00",
            "description": "",
            "fingerprint": null,
            "gateway_address": "10.0.0.1",
            "id": "projects/osama-375715/regions/us-central1/subnetworks/management-subnet",
            "ip_cidr_range": "10.0.0.0/16",
            "log_config": [],
            "name": "management-subnet",
            "network": "https://www.googleapis.com/compute/v1/projects/osama-375715/global/networks/osama-vpc",
            "private_ip_google_access": false,
            "private_ipv6_google_access": "DISABLE_GOOGLE_ACCESS",
            "project": "osama-375715",
            "region": "us-central1",
            "secondary_ip_range": [],
            "self_link": "https://www.googleapis.com/compute/v1/projects/osama-375715/regions/us-central1/subnetworks/management-subnet",
            "timeouts": null
          },
          "private": "eyJlMmJmYjczMC1lY2FhLTExZTYtOGY4OC0zNDM2M2JjN2M0YzAiOnsiY3JlYXRlIjozNjAwMDAwMDAwMDAsImRlbGV0ZSI6MzYwMDAwMDAwMDAwLCJ1cGRhdGUiOjM2MDAwMDAwMDAwMH19",
          "dependencies": [
            "google_compute_network.vpc_network"
          ]
        }
      ]
    },
    {
      "mode": "managed",
      "type": "google_compute_subnetwork",
      "name": "Restricted-Subnet",
      "provider": "provider.google",
      "instances": [
        {
          "schema_version": 0,
          "attributes": {
            "creation_timestamp": "2023-02-07T11:30:12.703-08:00",
            "description": "",
            "fingerprint": null,
            "gateway_address": "10.1.0.1",
            "id": "projects/osama-375715/regions/us-central1/subnetworks/restricted-subnet",
            "ip_cidr_range": "10.1.0.0/16",
            "log_config": [],
            "name": "restricted-subnet",
            "network": "https://www.googleapis.com/compute/v1/projects/osama-375715/global/networks/osama-vpc",
            "private_ip_google_access": false,
            "private_ipv6_google_access": "DISABLE_GOOGLE_ACCESS",
            "project": "osama-375715",
            "region": "us-central1",
            "secondary_ip_range": [],
            "self_link": "https://www.googleapis.com/compute/v1/projects/osama-375715/regions/us-central1/subnetworks/restricted-subnet",
            "timeouts": null
          },
          "private": "eyJlMmJmYjczMC1lY2FhLTExZTYtOGY4OC0zNDM2M2JjN2M0YzAiOnsiY3JlYXRlIjozNjAwMDAwMDAwMDAsImRlbGV0ZSI6MzYwMDAwMDAwMDAwLCJ1cGRhdGUiOjM2MDAwMDAwMDAwMH19",
          "dependencies": [
            "google_compute_network.vpc_network"
          ]
        }
      ]
    },
    {
      "mode": "managed",
      "type": "google_container_cluster",
      "name": "MYGKE",
      "provider": "provider.google",
      "instances": [
        {
          "schema_version": 1,
          "attributes": {
            "addons_config": [
              {
                "cloudrun_config": [],
                "horizontal_pod_autoscaling": [],
                "http_load_balancing": [
                  {
                    "disabled": true
                  }
                ],
                "network_policy_config": [
                  {
                    "disabled": true
                  }
                ]
              }
            ],
            "authenticator_groups_config": [],
            "cluster_autoscaling": [
              {
                "auto_provisioning_defaults": [],
                "enabled": false,
                "resource_limits": []
              }
            ],
            "cluster_ipv4_cidr": "10.204.0.0/14",
            "database_encryption": [
              {
                "key_name": "",
                "state": "DECRYPTED"
              }
            ],
            "datapath_provider": "",
            "default_max_pods_per_node": 110,
            "default_snat_status": [
              {
                "disabled": false
              }
            ],
            "description": "",
            "enable_autopilot": false,
            "enable_binary_authorization": false,
            "enable_intranode_visibility": false,
            "enable_kubernetes_alpha": false,
            "enable_legacy_abac": false,
            "enable_shielded_nodes": true,
            "enable_tpu": false,
            "endpoint": "192.168.1.2",
            "id": "projects/osama-375715/locations/us-central1-c/clusters/osos-cluster",
            "initial_node_count": 1,
            "instance_group_urls": [],
            "ip_allocation_policy": [
              {
                "cluster_ipv4_cidr_block": "10.204.0.0/14",
                "cluster_secondary_range_name": "gke-osos-cluster-pods-cec365e4",
                "services_ipv4_cidr_block": "10.208.0.0/20",
                "services_secondary_range_name": "gke-osos-cluster-services-cec365e4"
              }
            ],
            "label_fingerprint": "a9dc16a7",
            "location": "us-central1-c",
            "logging_service": "logging.googleapis.com/kubernetes",
            "maintenance_policy": [],
            "master_auth": [
              {
                "client_certificate": "",
                "client_certificate_config": [
                  {
                    "issue_client_certificate": false
                  }
                ],
                "client_key": "",
                "cluster_ca_certificate": "LS0tLS1CRUdJTiBDRVJUSUZJQ0FURS0tLS0tCk1JSUVMRENDQXBTZ0F3SUJBZ0lRWEhwaHFhRmlkRUpyS0NPWG9tNmdyakFOQmdrcWhraUc5dzBCQVFzRkFEQXYKTVMwd0t3WURWUVFERXlRelpUWXhOMlZpWkMwNE1EazVMVFJrTURFdFlqaGlaaTB5TVdNNE1tTXhNRGd3T0dNdwpJQmNOTWpNd01qQTNNVGd6TURJM1doZ1BNakExTXpBeE16QXhPVE13TWpkYU1DOHhMVEFyQmdOVkJBTVRKRE5sCk5qRTNaV0prTFRnd09Ua3ROR1F3TVMxaU9HSm1MVEl4WXpneVl6RXdPREE0WXpDQ0FhSXdEUVlKS29aSWh2Y04KQVFFQkJRQURnZ0dQQURDQ0FZb0NnZ0dCQU5haC9RNng4ZGxhYnB6blN4QmYyZjBkSmRCd2tWaUZlYlpUblN2NgpXaUVlVlNDK0FHYWd0L051QmMyajhXVEsvUnJHcU9MTHY3YkZwOTNMMEt4ZjNaUEU1RVl0cWdxN2JQczVPd2tuCi9CL0htY09rd0Rudit2bVlHbzJqV1I1cTNJaTZKVUxpd3o5VEt6Zzg5V08yZDFENTMzSXR5dG9KMVRJaVlKWFgKbWVTV21DVnA0VEIzN1Q0R2c4QnZOKzMyZlB2aGNocXM5WTlNY2tjb25qT2N0OUhlNUVLYmU5bXdBU0JJNXZjMwpUbDc2TXZOZDkvV1ZqcmF2WllnWG53a1Nvbno2eE0xNkpCbCsvVFE0aHIwUDNYMkh1N0ZIMlc3b3Y1TWs1a0k0CmtLS1hPNTFjejhQQlhlRnBuQjFMOFd4bjdoVm1OWmVockZ0bjZ0c2dkZVIxcjBLSmdMV0tkYmJ1RGR4dy9IMWEKRzR4cnRSMWEvSDZsQ3RwUFFteUZOOHpOSkt0aUFLMExKS0pURERSWDZXQWM4dVRrUDYwVWRzT0VXY3U0UE95WgpXcGN2akc5MVlCbzlXZVJBS0NabnRhZXpaby8yc3Rhc3N5RTFiR2NRSnltN2hXUW5LZFN1bUxhSTZqU2E4Tm03CjBwM1dnTXQxN3Nrb1NKMkhtRC9yZFZpQjR3SURBUUFCbzBJd1FEQU9CZ05WSFE4QkFmOEVCQU1DQWdRd0R3WUQKVlIwVEFRSC9CQVV3QXdFQi96QWRCZ05WSFE0RUZnUVVYUisremdyUHNxZ1hpVzNnRVFDY3Q1T25DSE13RFFZSgpLb1pJaHZjTkFRRUxCUUFEZ2dHQkFNNU5ETWlHQk10NkFPbGkySHRROGxoOElJYXZJNWw4K3ZCNjk0dTZCU2F5CjhJL0Z6d2kxNGJROUZJUWR6Yzd4N0JZSEVCbzFNWHAwd0M4R2RubTVleUc2WjNKVTc1cEZ0TFJSdWRNVUVwRGsKT1Nncm1DVUtOVkFkUUFxazNhay9wdm1EMGloRTNCdThBanBrRmhmRnZMK0g5VjdaU2VqNTUyYXZsb1Q0azg5egpDNGpGckg5dTJlb2UvTVhEcWxEckFMdE1VN3pjSXhqbnVSbTEvcDZSUloxeW13NG9VYkRLMlU5N0Y3UjgzZmdzCjhKRlozQUVsWmN2Q2J4eStiTjBRcFNBOXpGNXpZSCtyRE1INWFxczFBMWV2LzJiTmlxeW1JdHJaNWp6R1VQVm0KNERvSVgyN2Vid3U2Nk1RZm1kM252bWs1YnlEY285dnhDVVUwZUJOek5hWVhwWnRwQU5RWnlhNUVkcWYwOTdKdQpzMEYyc0lkWVF6NnlWU2RGVWVYM09GZWtCa3Z3enVwZmpxdmRYbWFpV2llcEZMNXRaclJ0YTdXWFExRWs2dU9jCno5OW9ERzZjTGZ2Q3RobExTOGVab2czZTBjV3dUU1hRMGt0TFZSamc1aUhEaXlZQ3JCZjY5ZUs5aHNYaFl0YXYKYmlUdGN4S09zSVBJcEE4cW40NlREdz09Ci0tLS0tRU5EIENFUlRJRklDQVRFLS0tLS0K",
                "password": "",
                "username": ""
              }
            ],
            "master_authorized_networks_config": [
              {
                "cidr_blocks": [
                  {
                    "cidr_block": "10.0.0.0/16",
                    "display_name": ""
                  }
                ]
              }
            ],
            "master_version": "1.24.8-gke.2000",
            "min_master_version": null,
            "monitoring_service": "monitoring.googleapis.com/kubernetes",
            "name": "osos-cluster",
            "network": "projects/osama-375715/global/networks/osama-vpc",
            "network_policy": [
              {
                "enabled": false,
                "provider": "PROVIDER_UNSPECIFIED"
              }
            ],
            "networking_mode": "VPC_NATIVE",
            "node_config": [],
            "node_locations": [],
            "node_pool": [],
            "node_version": "1.24.8-gke.2000",
            "operation": null,
            "pod_security_policy_config": [],
            "private_cluster_config": [
              {
                "enable_private_endpoint": true,
                "enable_private_nodes": true,
                "master_global_access_config": [
                  {
                    "enabled": false
                  }
                ],
                "master_ipv4_cidr_block": "192.168.1.0/28",
                "peering_name": "gke-nc3f40594922d93ac62b-82c6-9aee-peer",
                "private_endpoint": "192.168.1.2",
                "public_endpoint": "34.70.1.0"
              }
            ],
            "private_ipv6_google_access": "",
            "project": "osama-375715",
            "release_channel": [
              {
                "channel": "REGULAR"
              }
            ],
            "remove_default_node_pool": true,
            "resource_labels": null,
            "resource_usage_export_config": [],
            "self_link": "https://container.googleapis.com/v1beta1/projects/osama-375715/zones/us-central1-c/clusters/osos-cluster",
            "services_ipv4_cidr": "10.208.0.0/20",
            "subnetwork": "projects/osama-375715/regions/us-central1/subnetworks/restricted-subnet",
            "timeouts": null,
            "tpu_ipv4_cidr_block": "",
            "vertical_pod_autoscaling": [],
            "workload_identity_config": []
          },
          "private": "eyJlMmJmYjczMC1lY2FhLTExZTYtOGY4OC0zNDM2M2JjN2M0YzAiOnsiY3JlYXRlIjoyNDAwMDAwMDAwMDAwLCJkZWxldGUiOjI0MDAwMDAwMDAwMDAsInJlYWQiOjI0MDAwMDAwMDAwMDAsInVwZGF0ZSI6MzYwMDAwMDAwMDAwMH0sInNjaGVtYV92ZXJzaW9uIjoiMSJ9",
          "dependencies": [
            "google_compute_network.vpc_network",
            "google_compute_subnetwork.Management-Subnet",
            "google_compute_subnetwork.Restricted-Subnet"
          ]
        }
      ]
    },
    {
      "mode": "managed",
      "type": "google_container_node_pool",
      "name": "gke_node_pool",
      "provider": "provider.google",
      "instances": [
        {
          "schema_version": 1,
          "attributes": {
            "autoscaling": [],
            "cluster": "osos-cluster",
            "id": "projects/osama-375715/locations/us-central1-c/clusters/osos-cluster/nodePools/gke-node-pool",
            "initial_node_count": 1,
            "instance_group_urls": [
              "https://www.googleapis.com/compute/v1/projects/osama-375715/zones/us-central1-c/instanceGroupManagers/gke-osos-cluster-gke-node-pool-65f65831-grp"
            ],
            "location": "us-central1-c",
            "management": [
              {
                "auto_repair": true,
                "auto_upgrade": true
              }
            ],
            "max_pods_per_node": 110,
            "name": "gke-node-pool",
            "name_prefix": "",
            "node_config": [
              {
                "disk_size_gb": 100,
                "disk_type": "pd-balanced",
                "guest_accelerator": [],
                "image_type": "COS_CONTAINERD",
                "labels": {},
                "local_ssd_count": 0,
                "machine_type": "e2-small",
                "metadata": {
                  "disable-legacy-endpoints": "true"
                },
                "min_cpu_platform": "",
                "oauth_scopes": [
                  "https://www.googleapis.com/auth/cloud-platform"
                ],
                "preemptible": true,
                "service_account": "node-acc@osama-375715.iam.gserviceaccount.com",
                "shielded_instance_config": [
                  {
                    "enable_integrity_monitoring": true,
                    "enable_secure_boot": false
                  }
                ],
                "tags": null,
                "taint": [],
                "workload_metadata_config": []
              }
            ],
            "node_count": 1,
            "node_locations": [
              "us-central1-c"
            ],
            "operation": null,
            "project": "osama-375715",
            "timeouts": null,
            "upgrade_settings": [
              {
                "max_surge": 1,
                "max_unavailable": 0
              }
            ],
            "version": "1.24.8-gke.2000"
          },
          "private": "eyJlMmJmYjczMC1lY2FhLTExZTYtOGY4OC0zNDM2M2JjN2M0YzAiOnsiY3JlYXRlIjoxODAwMDAwMDAwMDAwLCJkZWxldGUiOjE4MDAwMDAwMDAwMDAsInVwZGF0ZSI6MTgwMDAwMDAwMDAwMH0sInNjaGVtYV92ZXJzaW9uIjoiMSJ9",
          "dependencies": [
            "google_compute_network.vpc_network",
            "google_compute_subnetwork.Management-Subnet",
            "google_compute_subnetwork.Restricted-Subnet",
            "google_container_cluster.MYGKE",
            "google_service_account.node-acc"
          ]
        }
      ]
    },
    {
      "mode": "managed",
      "type": "google_project_iam_member",
      "name": "admin_binding",
      "provider": "provider.google",
      "instances": [
        {
          "schema_version": 0,
          "attributes": {
            "condition": [],
            "etag": "BwX0ISvX/nY=",
            "id": "osama-375715/roles/container.admin/serviceAccount:gke-admin@osama-375715.iam.gserviceaccount.com",
            "member": "serviceAccount:gke-admin@osama-375715.iam.gserviceaccount.com",
            "project": "osama-375715",
            "role": "roles/container.admin"
          },
          "private": "bnVsbA==",
          "dependencies": [
            "google_service_account.gke-admin"
          ]
        }
      ]
    },
    {
      "mode": "managed",
      "type": "google_project_iam_member",
      "name": "node-binding",
      "provider": "provider.google",
      "instances": [
        {
          "schema_version": 0,
          "attributes": {
            "condition": [],
            "etag": "BwX0ISvX/nY=",
            "id": "osama-375715/roles/storage.objectViewer/serviceAccount:node-acc@osama-375715.iam.gserviceaccount.com",
            "member": "serviceAccount:node-acc@osama-375715.iam.gserviceaccount.com",
            "project": "osama-375715",
            "role": "roles/storage.objectViewer"
          },
          "private": "bnVsbA==",
          "dependencies": [
            "google_service_account.node-acc"
          ]
        }
      ]
    },
    {
      "mode": "managed",
      "type": "google_service_account",
      "name": "gke-admin",
      "provider": "provider.google",
      "instances": [
        {
          "schema_version": 0,
          "attributes": {
            "account_id": "gke-admin",
            "description": "",
            "display_name": "k8s-admin",
            "email": "gke-admin@osama-375715.iam.gserviceaccount.com",
            "id": "projects/osama-375715/serviceAccounts/gke-admin@osama-375715.iam.gserviceaccount.com",
            "name": "projects/osama-375715/serviceAccounts/gke-admin@osama-375715.iam.gserviceaccount.com",
            "project": "osama-375715",
            "timeouts": null,
            "unique_id": "110570497731721316803"
          },
          "private": "eyJlMmJmYjczMC1lY2FhLTExZTYtOGY4OC0zNDM2M2JjN2M0YzAiOnsiY3JlYXRlIjozMDAwMDAwMDAwMDB9fQ=="
        }
      ]
    },
    {
      "mode": "managed",
      "type": "google_service_account",
      "name": "node-acc",
      "provider": "provider.google",
      "instances": [
        {
          "schema_version": 0,
          "attributes": {
            "account_id": "node-acc",
            "description": "",
            "display_name": "node-acc",
            "email": "node-acc@osama-375715.iam.gserviceaccount.com",
            "id": "projects/osama-375715/serviceAccounts/node-acc@osama-375715.iam.gserviceaccount.com",
            "name": "projects/osama-375715/serviceAccounts/node-acc@osama-375715.iam.gserviceaccount.com",
            "project": "osama-375715",
            "timeouts": null,
            "unique_id": "115285424313507742962"
          },
          "private": "eyJlMmJmYjczMC1lY2FhLTExZTYtOGY4OC0zNDM2M2JjN2M0YzAiOnsiY3JlYXRlIjozMDAwMDAwMDAwMDB9fQ=="
        }
      ]
    }
  ]
}
